
Microsoft Visual Studio Solution File, Format Version 12.00
# Visual Studio Version 17
VisualStudioVersion = 17.4.33122.133
MinimumVisualStudioVersion = 10.0.40219.1
Project("{FAE04EC0-301F-11D3-BF4B-00C04F79EFBC}") = "WPFTutorial6", "WPFTutorial6\WPFTutorial6.csproj", "{1BAEE85D-D1DA-4831-9A61-49B30A1EE4B5}"
EndProject
Global
	GlobalSection(SolutionConfigurationPlatforms) = preSolution
		Debug|Any CPU = Debug|Any CPU
		Release|Any CPU = Release|Any CPU
	EndGlobalSection
	GlobalSection(ProjectConfigurationPlatforms) = postSolution
		{1BAEE85D-D1DA-4831-9A61-49B30A1EE4B5}.Debug|Any CPU.ActiveCfg = Debug|Any CPU
		{1BAEE85D-D1DA-4831-9A61-49B30A1EE4B5}.Debug|Any CPU.Build.0 = Debug|Any CPU
		{1BAEE85D-D1DA-4831-9A61-49B30A1EE4B5}.Release|Any CPU.ActiveCfg = Release|Any CPU
		{1BAEE85D-D1DA-4831-9A61-49B30A1EE4B5}.Release|Any CPU.Build.0 = Release|Any CPU
	EndGlobalSection
	GlobalSection(SolutionProperties) = preSolution
		HideSolutionNode = FALSE
	EndGlobalSection
	GlobalSection(ExtensibilityGlobals) = postSolution
		SolutionGuid = {A3461EE2-68E6-473C-8FF5-82E747D499C7}
	EndGlobalSection
EndGlobal
