
Microsoft Visual Studio Solution File, Format Version 12.00
# Visual Studio Version 17
VisualStudioVersion = 17.4.33122.133
MinimumVisualStudioVersion = 10.0.40219.1
Project("{FAE04EC0-301F-11D3-BF4B-00C04F79EFBC}") = "WPFTutorial4", "WPFTutorial4\WPFTutorial4.csproj", "{302AEC3D-48FF-480E-95A6-49803D65E27C}"
EndProject
Global
	GlobalSection(SolutionConfigurationPlatforms) = preSolution
		Debug|Any CPU = Debug|Any CPU
		Release|Any CPU = Release|Any CPU
	EndGlobalSection
	GlobalSection(ProjectConfigurationPlatforms) = postSolution
		{302AEC3D-48FF-480E-95A6-49803D65E27C}.Debug|Any CPU.ActiveCfg = Debug|Any CPU
		{302AEC3D-48FF-480E-95A6-49803D65E27C}.Debug|Any CPU.Build.0 = Debug|Any CPU
		{302AEC3D-48FF-480E-95A6-49803D65E27C}.Release|Any CPU.ActiveCfg = Release|Any CPU
		{302AEC3D-48FF-480E-95A6-49803D65E27C}.Release|Any CPU.Build.0 = Release|Any CPU
	EndGlobalSection
	GlobalSection(SolutionProperties) = preSolution
		HideSolutionNode = FALSE
	EndGlobalSection
	GlobalSection(ExtensibilityGlobals) = postSolution
		SolutionGuid = {2D933349-E418-450B-BD42-C043050DA6AB}
	EndGlobalSection
EndGlobal
